
Microsoft Visual Studio Solution File, Format Version 12.00
# Visual Studio Version 17
VisualStudioVersion = 17.14.36511.14 d17.14
MinimumVisualStudioVersion = 10.0.40219.1
Project("{FAE04EC0-301F-11D3-BF4B-00C04F79EFBC}") = "ejercicio6", "ejercicio6\ejercicio6.csproj", "{8733B4AA-DFCB-4509-9BED-239CF8BE7FC5}"
EndProject
Global
	GlobalSection(SolutionConfigurationPlatforms) = preSolution
		Debug|Any CPU = Debug|Any CPU
		Release|Any CPU = Release|Any CPU
	EndGlobalSection
	GlobalSection(ProjectConfigurationPlatforms) = postSolution
		{8733B4AA-DFCB-4509-9BED-239CF8BE7FC5}.Debug|Any CPU.ActiveCfg = Debug|Any CPU
		{8733B4AA-DFCB-4509-9BED-239CF8BE7FC5}.Debug|Any CPU.Build.0 = Debug|Any CPU
		{8733B4AA-DFCB-4509-9BED-239CF8BE7FC5}.Release|Any CPU.ActiveCfg = Release|Any CPU
		{8733B4AA-DFCB-4509-9BED-239CF8BE7FC5}.Release|Any CPU.Build.0 = Release|Any CPU
	EndGlobalSection
	GlobalSection(SolutionProperties) = preSolution
		HideSolutionNode = FALSE
	EndGlobalSection
	GlobalSection(ExtensibilityGlobals) = postSolution
		SolutionGuid = {341E290F-4F60-487B-BFD8-6B6EED95D64A}
	EndGlobalSection
EndGlobal
