
Microsoft Visual Studio Solution File, Format Version 12.00
# Visual Studio Version 17
VisualStudioVersion = 17.14.36511.14 d17.14
MinimumVisualStudioVersion = 10.0.40219.1
Project("{FAE04EC0-301F-11D3-BF4B-00C04F79EFBC}") = "practica7", "practica7\practica7.csproj", "{31D5974A-D5ED-41D1-8676-C6CF3B62D881}"
EndProject
Global
	GlobalSection(SolutionConfigurationPlatforms) = preSolution
		Debug|Any CPU = Debug|Any CPU
		Release|Any CPU = Release|Any CPU
	EndGlobalSection
	GlobalSection(ProjectConfigurationPlatforms) = postSolution
		{31D5974A-D5ED-41D1-8676-C6CF3B62D881}.Debug|Any CPU.ActiveCfg = Debug|Any CPU
		{31D5974A-D5ED-41D1-8676-C6CF3B62D881}.Debug|Any CPU.Build.0 = Debug|Any CPU
		{31D5974A-D5ED-41D1-8676-C6CF3B62D881}.Release|Any CPU.ActiveCfg = Release|Any CPU
		{31D5974A-D5ED-41D1-8676-C6CF3B62D881}.Release|Any CPU.Build.0 = Release|Any CPU
	EndGlobalSection
	GlobalSection(SolutionProperties) = preSolution
		HideSolutionNode = FALSE
	EndGlobalSection
	GlobalSection(ExtensibilityGlobals) = postSolution
		SolutionGuid = {8621426B-2AFF-4339-979A-EC334AA879D6}
	EndGlobalSection
EndGlobal
